
Microsoft Visual Studio Solution File, Format Version 12.00
# Visual Studio Version 17
VisualStudioVersion = 17.2.32630.192
MinimumVisualStudioVersion = 10.0.40219.1
Project("{FAE04EC0-301F-11D3-BF4B-00C04F79EFBC}") = "Logic Gates", "Logic Gates\Logic Gates.csproj", "{650ADBC4-E8FD-4EB1-87D0-DF0690038555}"
EndProject
Global
	GlobalSection(SolutionConfigurationPlatforms) = preSolution
		Debug|Any CPU = Debug|Any CPU
		Release|Any CPU = Release|Any CPU
	EndGlobalSection
	GlobalSection(ProjectConfigurationPlatforms) = postSolution
		{650ADBC4-E8FD-4EB1-87D0-DF0690038555}.Debug|Any CPU.ActiveCfg = Debug|Any CPU
		{650ADBC4-E8FD-4EB1-87D0-DF0690038555}.Debug|Any CPU.Build.0 = Debug|Any CPU
		{650ADBC4-E8FD-4EB1-87D0-DF0690038555}.Release|Any CPU.ActiveCfg = Release|Any CPU
		{650ADBC4-E8FD-4EB1-87D0-DF0690038555}.Release|Any CPU.Build.0 = Release|Any CPU
	EndGlobalSection
	GlobalSection(SolutionProperties) = preSolution
		HideSolutionNode = FALSE
	EndGlobalSection
	GlobalSection(ExtensibilityGlobals) = postSolution
		SolutionGuid = {5EA24E70-DAEA-44D9-A9BF-66F5D11393C9}
	EndGlobalSection
EndGlobal
